<?xml version="1.0" encoding="utf-8"?>
<Project ToolsVersion="4.0" xmlns="http://schemas.microsoft.com/developer/msbuild/2003">
  <ItemGroup>
    <Filter Include="Source Files">
      <UniqueIdentifier>{4FC737F1-C7A5-4376-A066-2A32D752A2FF}</UniqueIdentifier>
      <Extensions>cpp;c;cc;cxx;def;odl;idl;hpj;bat;asm;asmx</Extensions>
    </Filter>
    <Filter Include="Header Files">
      <UniqueIdentifier>{93995380-89BD-4b04-88EB-625FBE52EBFB}</UniqueIdentifier>
      <Extensions>h;hpp;hxx;hm;inl;inc;xsd</Extensions>
    </Filter>
    <Filter Include="Resource Files">
      <UniqueIdentifier>{67DA6AB6-F800-4c08-8B7A-83BB121AAD01}</UniqueIdentifier>
      <Extensions>rc;ico;cur;bmp;dlg;rc2;rct;bin;rgs;gif;jpg;jpeg;jpe;resx;tiff;tif;png;wav;mfcribbon-ms</Extensions>
    </Filter>
  </ItemGroup>
  <ItemGroup>
    <ClCompile Include="src\main.cpp">
      <Filter>Source Files</Filter>
    </ClCompile>
    <ClCompile Include="src\ExampleObject.cpp">
      <Filter>Source Files</Filter>
    </ClCompile>
    <ClCompile Include="src\DemoScene.cpp">
      <Filter>Source Files</Filter>
    </ClCompile>
    <ClCompile Include="src\XMLScene.cpp">
      <Filter>Source Files</Filter>
    </ClCompile>
    <ClCompile Include="src\Parser.cpp">
      <Filter>Source Files</Filter>
    </ClCompile>
    <ClCompile Include="src\Globals.cpp">
      <Filter>Source Files</Filter>
    </ClCompile>
    <ClCompile Include="src\PerspectiveCamera.cpp">
      <Filter>Source Files</Filter>
    </ClCompile>
    <ClCompile Include="src\OmniLight.cpp">
      <Filter>Source Files</Filter>
    </ClCompile>
    <ClCompile Include="src\SpotLight.cpp">
      <Filter>Source Files</Filter>
    </ClCompile>
    <ClCompile Include="src\Appearance.cpp">
      <Filter>Source Files</Filter>
    </ClCompile>
  </ItemGroup>
  <ItemGroup>
    <ClInclude Include="src\DemoScene.h">
      <Filter>Header Files</Filter>
    </ClInclude>
    <ClInclude Include="src\ExampleObject.h">
      <Filter>Header Files</Filter>
    </ClInclude>
    <ClInclude Include="include\glui.h">
      <Filter>Header Files</Filter>
    </ClInclude>
    <ClInclude Include="include\glut.h">
      <Filter>Header Files</Filter>
    </ClInclude>
    <ClInclude Include="include\tinystr.h">
      <Filter>Header Files</Filter>
    </ClInclude>
    <ClInclude Include="include\tinyxml.h">
      <Filter>Header Files</Filter>
    </ClInclude>
    <ClInclude Include="include\xmlscene.h">
      <Filter>Header Files</Filter>
    </ClInclude>
    <ClInclude Include="include\GL\glew.h">
      <Filter>Header Files</Filter>
    </ClInclude>
    <ClInclude Include="include\GL\glext.h">
      <Filter>Header Files</Filter>
    </ClInclude>
    <ClInclude Include="include\gl\glui.h">
      <Filter>Header Files</Filter>
    </ClInclude>
    <ClInclude Include="include\gl\glut.h">
      <Filter>Header Files</Filter>
    </ClInclude>
    <ClInclude Include="include\GL\glxew.h">
      <Filter>Header Files</Filter>
    </ClInclude>
    <ClInclude Include="include\GL\wglew.h">
      <Filter>Header Files</Filter>
    </ClInclude>
    <ClInclude Include="include\cgf\cgfappearance.h">
      <Filter>Header Files</Filter>
    </ClInclude>
    <ClInclude Include="include\cgf\cgfapplication.h">
      <Filter>Header Files</Filter>
    </ClInclude>
    <ClInclude Include="include\cgf\cgfaxis.h">
      <Filter>Header Files</Filter>
    </ClInclude>
    <ClInclude Include="include\cgf\cgfcamera.h">
      <Filter>Header Files</Filter>
    </ClInclude>
    <ClInclude Include="include\cgf\cgfinterface.h">
      <Filter>Header Files</Filter>
    </ClInclude>
    <ClInclude Include="include\cgf\cgflight.h">
      <Filter>Header Files</Filter>
    </ClInclude>
    <ClInclude Include="include\cgf\cgfobject.h">
      <Filter>Header Files</Filter>
    </ClInclude>
    <ClInclude Include="include\cgf\cgfscene.h">
      <Filter>Header Files</Filter>
    </ClInclude>
    <ClInclude Include="include\cgf\cgfshader.h">
      <Filter>Header Files</Filter>
    </ClInclude>
    <ClInclude Include="include\cgf\cgftexture.h">
      <Filter>Header Files</Filter>
    </ClInclude>
    <ClInclude Include="include\Parser.h">
      <Filter>Header Files</Filter>
    </ClInclude>
    <ClInclude Include="include\Globals.h">
      <Filter>Header Files</Filter>
    </ClInclude>
    <ClInclude Include="include\PerspectiveCamera.h">
      <Filter>Header Files</Filter>
    </ClInclude>
    <ClInclude Include="include\OrthoCamera.h">
      <Filter>Header Files</Filter>
    </ClInclude>
    <ClInclude Include="include\OmniLight.h">
      <Filter>Header Files</Filter>
    </ClInclude>
    <ClInclude Include="include\SpotLight.h">
      <Filter>Header Files</Filter>
    </ClInclude>
    <ClInclude Include="include\Texture.h">
      <Filter>Header Files</Filter>
    </ClInclude>
    <ClInclude Include="include\Appearance.h">
      <Filter>Header Files</Filter>
    </ClInclude>
  </ItemGroup>
  <ItemGroup>
    <None Include="makefile" />
    <None Include=".cproject" />
    <None Include=".gitignore" />
    <None Include=".project" />
    <None Include="CGFExample.launch" />
    <None Include="obj\.gitignore" />
    <None Include="lib\.gitignore" />
    <None Include="lib\README.txt" />
    <None Include="data\pyramid.jpg">
      <Filter>Resource Files</Filter>
    </None>
    <None Include="data\texshader.frag" />
    <None Include="data\texshader.vert" />
    <None Include="bin\demograph.xml" />
    <None Include=".settings\org.eclipse.cdt.codan.core.prefs" />
    <None Include=".settings\org.eclipse.cdt.managedbuilder.core.prefs" />
    <None Include="bin\glut32.dll" />
    <None Include="bin\glu32.dll" />
    <None Include="bin\glew32.dll" />
    <None Include="bin\CGFexample.ilk" />
    <None Include="bin\CGFexample.pdb" />
    <None Include="bin\CGFexample.exe" />
    <None Include="ipch\cgfexample-3cc4a5f3\cgfexample-340412b7.ipch" />
  </ItemGroup>
  <ItemGroup>
    <Library Include="lib\CGFlib.lib" />
    <Library Include="lib\glew32.lib" />
    <Library Include="lib\glew32mx.lib" />
    <Library Include="lib\glew32mxs.lib" />
    <Library Include="lib\glew32s.lib" />
    <Library Include="lib\glui32.lib" />
    <Library Include="lib\glui32d.lib" />
    <Library Include="lib\glut32.lib" />
    <Library Include="lib\TinyXML.lib" />
  </ItemGroup>
</Project>